
Microsoft Visual Studio Solution File, Format Version 12.00
# Visual Studio Version 17
VisualStudioVersion = 17.0.31903.59
MinimumVisualStudioVersion = 10.0.40219.1
Project("{FAE04EC0-301F-11D3-BF4B-00C04F79EFBC}") = "GunDecorations", "GunDecorations\GunDecorations.csproj", "{B19650AB-8D01-4A5A-8B5D-2CA34DAAE319}"
EndProject
Project("{FAE04EC0-301F-11D3-BF4B-00C04F79EFBC}") = "BearAdapter", "BearAdapter\BearAdapter.csproj", "{4D1924AF-A59D-44DF-B1C8-0DE60A125533}"
EndProject
Project("{FAE04EC0-301F-11D3-BF4B-00C04F79EFBC}") = "Descompressor", "Descompressor\Descompressor.csproj", "{8876B176-8D1C-45D3-80D3-AB08462424A4}"
EndProject
Project("{FAE04EC0-301F-11D3-BF4B-00C04F79EFBC}") = "FileStreams", "FileStreams\FileStreams.csproj", "{320398B7-D995-4D0F-8546-8177565E97B8}"
EndProject
Global
	GlobalSection(SolutionConfigurationPlatforms) = preSolution
		Debug|Any CPU = Debug|Any CPU
		Release|Any CPU = Release|Any CPU
	EndGlobalSection
	GlobalSection(SolutionProperties) = preSolution
		HideSolutionNode = FALSE
	EndGlobalSection
	GlobalSection(ProjectConfigurationPlatforms) = postSolution
		{B19650AB-8D01-4A5A-8B5D-2CA34DAAE319}.Debug|Any CPU.ActiveCfg = Debug|Any CPU
		{B19650AB-8D01-4A5A-8B5D-2CA34DAAE319}.Debug|Any CPU.Build.0 = Debug|Any CPU
		{B19650AB-8D01-4A5A-8B5D-2CA34DAAE319}.Release|Any CPU.ActiveCfg = Release|Any CPU
		{B19650AB-8D01-4A5A-8B5D-2CA34DAAE319}.Release|Any CPU.Build.0 = Release|Any CPU
		{4D1924AF-A59D-44DF-B1C8-0DE60A125533}.Debug|Any CPU.ActiveCfg = Debug|Any CPU
		{4D1924AF-A59D-44DF-B1C8-0DE60A125533}.Debug|Any CPU.Build.0 = Debug|Any CPU
		{4D1924AF-A59D-44DF-B1C8-0DE60A125533}.Release|Any CPU.ActiveCfg = Release|Any CPU
		{4D1924AF-A59D-44DF-B1C8-0DE60A125533}.Release|Any CPU.Build.0 = Release|Any CPU
		{8876B176-8D1C-45D3-80D3-AB08462424A4}.Debug|Any CPU.ActiveCfg = Debug|Any CPU
		{8876B176-8D1C-45D3-80D3-AB08462424A4}.Debug|Any CPU.Build.0 = Debug|Any CPU
		{8876B176-8D1C-45D3-80D3-AB08462424A4}.Release|Any CPU.ActiveCfg = Release|Any CPU
		{8876B176-8D1C-45D3-80D3-AB08462424A4}.Release|Any CPU.Build.0 = Release|Any CPU
		{320398B7-D995-4D0F-8546-8177565E97B8}.Debug|Any CPU.ActiveCfg = Debug|Any CPU
		{320398B7-D995-4D0F-8546-8177565E97B8}.Debug|Any CPU.Build.0 = Debug|Any CPU
		{320398B7-D995-4D0F-8546-8177565E97B8}.Release|Any CPU.ActiveCfg = Release|Any CPU
		{320398B7-D995-4D0F-8546-8177565E97B8}.Release|Any CPU.Build.0 = Release|Any CPU
	EndGlobalSection
EndGlobal
